
Microsoft Visual Studio Solution File, Format Version 12.00
# Visual Studio 2013
Project("{2150E333-8FDC-42A3-9474-1A3956D46DE8}") = "Engine", "Engine", "{D16C60D5-A0E7-4A4D-A544-B8EA40A91646}"
EndProject
Project("{2150E333-8FDC-42A3-9474-1A3956D46DE8}") = "Games", "Games", "{1A63E6DF-383F-4198-8BB3-F59318DEB1EC}"
EndProject
Project("{8BC9CEB8-8B4A-11D0-8D11-00A0C91BC942}") = "BuildOrDie", "Intermediate\ProjectFiles\BuildOrDie.vcxproj", "{AFC434DD-9BAD-43E2-8D98-5714DF3C28B3}"
	ProjectSection(ProjectDependencies) = postProject
	EndProjectSection
EndProject
Project("{8BC9CEB8-8B4A-11D0-8D11-00A0C91BC942}") = "UE4", "Intermediate\ProjectFiles\UE4.vcxproj", "{2CE5E1EC-8F18-4891-AA44-7D05E580A941}"
EndProject
Global
	GlobalSection(SolutionConfigurationPlatforms) = preSolution
		DebugGame Editor|Windows = DebugGame Editor|Windows
		DebugGame|Windows = DebugGame|Windows
		Development Editor|Windows = Development Editor|Windows
		Development|Windows = Development|Windows
		Shipping|Windows = Shipping|Windows
	EndGlobalSection
	GlobalSection(ProjectConfigurationPlatforms) = postSolution
		{AFC434DD-9BAD-43E2-8D98-5714DF3C28B3}.DebugGame Editor|Windows.ActiveCfg = DebugGame_Editor|x64
		{AFC434DD-9BAD-43E2-8D98-5714DF3C28B3}.DebugGame Editor|Windows.Build.0 = DebugGame_Editor|x64
		{AFC434DD-9BAD-43E2-8D98-5714DF3C28B3}.DebugGame|Windows.ActiveCfg = DebugGame_Game|x64
		{AFC434DD-9BAD-43E2-8D98-5714DF3C28B3}.DebugGame|Windows.Build.0 = DebugGame_Game|x64
		{AFC434DD-9BAD-43E2-8D98-5714DF3C28B3}.Development Editor|Windows.ActiveCfg = Development_Editor|x64
		{AFC434DD-9BAD-43E2-8D98-5714DF3C28B3}.Development Editor|Windows.Build.0 = Development_Editor|x64
		{AFC434DD-9BAD-43E2-8D98-5714DF3C28B3}.Development|Windows.ActiveCfg = Development_Game|x64
		{AFC434DD-9BAD-43E2-8D98-5714DF3C28B3}.Development|Windows.Build.0 = Development_Game|x64
		{AFC434DD-9BAD-43E2-8D98-5714DF3C28B3}.Shipping|Windows.ActiveCfg = Shipping_Game|Win32
		{AFC434DD-9BAD-43E2-8D98-5714DF3C28B3}.Shipping|Windows.Build.0 = Shipping_Game|Win32
	EndGlobalSection
	GlobalSection(SolutionProperties) = preSolution
		HideSolutionNode = FALSE
	EndGlobalSection
	GlobalSection(NestedProjects) = preSolution
		{2CE5E1EC-8F18-4891-AA44-7D05E580A941} = {D16C60D5-A0E7-4A4D-A544-B8EA40A91646}
		{AFC434DD-9BAD-43E2-8D98-5714DF3C28B3} = {1A63E6DF-383F-4198-8BB3-F59318DEB1EC}
	EndGlobalSection
EndGlobal
